
Microsoft Visual Studio Solution File, Format Version 12.00
# Visual Studio Version 16
VisualStudioVersion = 16.0.29613.14
MinimumVisualStudioVersion = 10.0.40219.1
Project("{9A19103F-16F7-4668-BE54-9A1E7A4F7556}") = "Tools", "RunescapeConsole\Tools.csproj", "{44E024EB-2B9A-4449-99C8-32A20A46BA45}"
EndProject
Project("{FAE04EC0-301F-11D3-BF4B-00C04F79EFBC}") = "Console", "Console\Console.csproj", "{042E6A3E-4A0A-4DC5-A7E1-4206266526C6}"
EndProject
Global
	GlobalSection(SolutionConfigurationPlatforms) = preSolution
		Debug|Any CPU = Debug|Any CPU
		Release|Any CPU = Release|Any CPU
	EndGlobalSection
	GlobalSection(ProjectConfigurationPlatforms) = postSolution
		{44E024EB-2B9A-4449-99C8-32A20A46BA45}.Debug|Any CPU.ActiveCfg = Debug|Any CPU
		{44E024EB-2B9A-4449-99C8-32A20A46BA45}.Debug|Any CPU.Build.0 = Debug|Any CPU
		{44E024EB-2B9A-4449-99C8-32A20A46BA45}.Release|Any CPU.ActiveCfg = Release|Any CPU
		{44E024EB-2B9A-4449-99C8-32A20A46BA45}.Release|Any CPU.Build.0 = Release|Any CPU
		{042E6A3E-4A0A-4DC5-A7E1-4206266526C6}.Debug|Any CPU.ActiveCfg = Debug|Any CPU
		{042E6A3E-4A0A-4DC5-A7E1-4206266526C6}.Debug|Any CPU.Build.0 = Debug|Any CPU
		{042E6A3E-4A0A-4DC5-A7E1-4206266526C6}.Release|Any CPU.ActiveCfg = Release|Any CPU
		{042E6A3E-4A0A-4DC5-A7E1-4206266526C6}.Release|Any CPU.Build.0 = Release|Any CPU
	EndGlobalSection
	GlobalSection(SolutionProperties) = preSolution
		HideSolutionNode = FALSE
	EndGlobalSection
	GlobalSection(ExtensibilityGlobals) = postSolution
		SolutionGuid = {3556CA7F-0D7A-4180-8E60-75A4E5109E85}
	EndGlobalSection
EndGlobal
